
Microsoft Visual Studio Solution File, Format Version 12.00
# Visual Studio Version 17
VisualStudioVersion = 17.11.35222.181
MinimumVisualStudioVersion = 10.0.40219.1
Project("{9A19103F-16F7-4668-BE54-9A1E7A4F7556}") = "Laba1", "Construction\Laba1.csproj", "{430E8B8C-F34B-4CFC-A891-2F82566878EB}"
EndProject
Project("{9A19103F-16F7-4668-BE54-9A1E7A4F7556}") = "Laba2", "Laba2\Laba2.csproj", "{F7034F2A-2DC5-4363-8506-C6E8C94E8549}"
EndProject
Project("{9A19103F-16F7-4668-BE54-9A1E7A4F7556}") = "Laba3", "Laba3\Laba3.csproj", "{D82013CF-D84E-4D64-8B76-C09DFD64B30F}"
EndProject
Project("{9A19103F-16F7-4668-BE54-9A1E7A4F7556}") = "Console1", "Console1\Console1.csproj", "{61F97612-E894-4EE2-A04A-A9DA4ADB3E68}"
EndProject
Project("{9A19103F-16F7-4668-BE54-9A1E7A4F7556}") = "Console2", "Console2\Console2.csproj", "{80E144A2-DB55-4F96-8FDF-B567822BF2B0}"
EndProject
Project("{9A19103F-16F7-4668-BE54-9A1E7A4F7556}") = "Laba4", "Laba4\Laba4.csproj", "{FC286166-72CC-4FEA-950F-D56220293CA6}"
EndProject
Project("{9A19103F-16F7-4668-BE54-9A1E7A4F7556}") = "Laba5", "Laba5\Laba5.csproj", "{94B2A419-5441-4156-8299-B644DF02DAF2}"
EndProject
Project("{9A19103F-16F7-4668-BE54-9A1E7A4F7556}") = "Console3", "Console3\Console3.csproj", "{D9ECB536-9509-41FE-B0E1-A1BD79794528}"
EndProject
Project("{9A19103F-16F7-4668-BE54-9A1E7A4F7556}") = "Laba6", "Laba6\Laba6.csproj", "{71BF718E-056C-42E8-836D-B62C098D964B}"
EndProject
Project("{9A19103F-16F7-4668-BE54-9A1E7A4F7556}") = "Console4", "Console4\Console4.csproj", "{A1F7B8CA-1517-482F-A6FC-61E1F95A54B6}"
EndProject
Project("{9A19103F-16F7-4668-BE54-9A1E7A4F7556}") = "Console5", "Console5\Console5.csproj", "{DCEDE3E7-6D58-4EF7-9E98-CCBA126226AD}"
EndProject
Project("{9A19103F-16F7-4668-BE54-9A1E7A4F7556}") = "Console6", "Console6\Console6.csproj", "{4CF1863D-7EDD-4BEC-A9CA-3F8FC59986A2}"
EndProject
Project("{9A19103F-16F7-4668-BE54-9A1E7A4F7556}") = "laba7", "laba7\laba7.csproj", "{FC5526AE-367B-4B43-B638-5610061EAA0D}"
EndProject
Project("{9A19103F-16F7-4668-BE54-9A1E7A4F7556}") = "Console7", "Console8\Console7.csproj", "{33A5A0FE-63A8-4517-80F7-4C6DF95849DA}"
EndProject
Project("{9A19103F-16F7-4668-BE54-9A1E7A4F7556}") = "laba8", "laba8\laba8.csproj", "{8E8CED2E-4E17-4A5A-B13F-AE67B2A83DB4}"
EndProject
Project("{FAE04EC0-301F-11D3-BF4B-00C04F79EFBC}") = "WindowsForms1", "WindowsForms1\WindowsForms1.csproj", "{115E468B-2A1D-4574-BB46-C5323D7B9603}"
EndProject
Project("{FAE04EC0-301F-11D3-BF4B-00C04F79EFBC}") = "WindowsForms2", "WindowsForms2\WindowsForms2.csproj", "{9784D887-3D3F-4214-BCCB-8168855C9ADA}"
EndProject
Project("{FAE04EC0-301F-11D3-BF4B-00C04F79EFBC}") = "WindowsForms3", "WindowsForms3\WindowsForms3.csproj", "{8C371931-12BD-4F44-B3DB-E5A963414454}"
EndProject
Project("{FAE04EC0-301F-11D3-BF4B-00C04F79EFBC}") = "WindowsForms4", "WindowsForms4\WindowsForms4.csproj", "{E79CDBD8-07F5-4F18-8B00-B063CF5AA69A}"
EndProject
Project("{FAE04EC0-301F-11D3-BF4B-00C04F79EFBC}") = "WindowsForms5", "WindowsForms5\WindowsForms5.csproj", "{CDA367DD-EA71-40E5-82CB-DD654651B496}"
EndProject
Project("{FAE04EC0-301F-11D3-BF4B-00C04F79EFBC}") = "WindowsForms6", "WindowsForms6\WindowsForms6.csproj", "{96A0061C-DE55-4B05-9DF3-D5D41806481D}"
EndProject
Project("{9A19103F-16F7-4668-BE54-9A1E7A4F7556}") = "Console8.1", "Console8.1\Console8.1.csproj", "{7FAAA892-3E3A-4BEA-A4DA-C415C51133A7}"
EndProject
Project("{9A19103F-16F7-4668-BE54-9A1E7A4F7556}") = "laba10", "laba10\laba10.csproj", "{1248E239-3E95-496D-8F42-DFEB3F0CE309}"
EndProject
Project("{9A19103F-16F7-4668-BE54-9A1E7A4F7556}") = "Console10", "Console10\Console10.csproj", "{25D69834-7FAE-44A7-B835-06C629273C7C}"
EndProject
Project("{9A19103F-16F7-4668-BE54-9A1E7A4F7556}") = "laba11", "laba11\laba11.csproj", "{85C13EB0-D5AA-48EC-8C9B-F7C231BD4333}"
EndProject
Project("{9A19103F-16F7-4668-BE54-9A1E7A4F7556}") = "laba12", "laba12\laba12.csproj", "{15F58383-5D6D-417A-8588-A9822DB7E07F}"
EndProject
Project("{9A19103F-16F7-4668-BE54-9A1E7A4F7556}") = "laba13", "laba13\laba13.csproj", "{4A500C17-25B5-4AA7-ADE9-67A34E55EED1}"
EndProject
Project("{9A19103F-16F7-4668-BE54-9A1E7A4F7556}") = "Console12", "Console12\Console12.csproj", "{B19E4E30-B8C3-4E69-B1E2-91B7571CC33C}"
EndProject
Project("{FAE04EC0-301F-11D3-BF4B-00C04F79EFBC}") = "Windows", "Windows\Windows.csproj", "{8145EA73-80DA-4654-AB85-D332A24CA585}"
EndProject
Project("{FAE04EC0-301F-11D3-BF4B-00C04F79EFBC}") = "Windows2", "Windows2\Windows2.csproj", "{7E02C1AB-8BB7-4B16-ADF9-1FE36863E201}"
EndProject
Project("{FAE04EC0-301F-11D3-BF4B-00C04F79EFBC}") = "Windows3", "Windows3\Windows3.csproj", "{558545D2-A63C-4D2E-9EA5-5C41821A0456}"
EndProject
Project("{9A19103F-16F7-4668-BE54-9A1E7A4F7556}") = "ConsoleApp18", "ConsoleApp18\ConsoleApp18.csproj", "{F421B283-C672-41E8-8E9D-9967475C852C}"
EndProject
Project("{9A19103F-16F7-4668-BE54-9A1E7A4F7556}") = "game", "game\game.csproj", "{789A3D51-5ED8-4916-925E-667C671B4D48}"
EndProject
Project("{9A19103F-16F7-4668-BE54-9A1E7A4F7556}") = "Console18", "Console18\Console18.csproj", "{7CB9E0CF-34FE-4FFF-B8FF-52C5DE05D3FE}"
EndProject
Project("{9A19103F-16F7-4668-BE54-9A1E7A4F7556}") = "laba19", "laba9\laba19.csproj", "{F929D743-5C87-4EE1-A569-4B095545E46B}"
EndProject
Project("{9A19103F-16F7-4668-BE54-9A1E7A4F7556}") = "ConsoleApp19", "ConsoleApp19\ConsoleApp19.csproj", "{3AC22128-F5FB-4D51-8B37-A2002201AE60}"
EndProject
Project("{9A19103F-16F7-4668-BE54-9A1E7A4F7556}") = "ConsoleApp21", "ConsoleApp21\ConsoleApp21.csproj", "{5FC2D3A3-3E5D-4149-BBFA-CBA29A15A7F1}"
EndProject
Project("{2150E333-8FDC-42A3-9474-1A3956D46DE8}") = "Solution Items", "Solution Items", "{0A61CB76-45BF-46F3-AB07-D26BC660FD8B}"
	ProjectSection(SolutionItems) = preProject
		.editorconfig = .editorconfig
	EndProjectSection
EndProject
Project("{FAE04EC0-301F-11D3-BF4B-00C04F79EFBC}") = "Library", "Library\Library.csproj", "{2A4E4CE8-8983-45A8-840D-E9AD9EDFCB30}"
EndProject
Project("{9A19103F-16F7-4668-BE54-9A1E7A4F7556}") = "Zawod", "Zawod\Zawod.csproj", "{C47AD711-4709-4443-B07F-EB8A87A734A1}"
EndProject
Project("{FAE04EC0-301F-11D3-BF4B-00C04F79EFBC}") = "Linq", "ConsoleApp1\Linq.csproj", "{FFCE291B-87E0-468C-B0A9-7C02162B3DEE}"
EndProject
Global
	GlobalSection(SolutionConfigurationPlatforms) = preSolution
		Debug|Any CPU = Debug|Any CPU
		Release|Any CPU = Release|Any CPU
	EndGlobalSection
	GlobalSection(ProjectConfigurationPlatforms) = postSolution
		{430E8B8C-F34B-4CFC-A891-2F82566878EB}.Debug|Any CPU.ActiveCfg = Debug|Any CPU
		{430E8B8C-F34B-4CFC-A891-2F82566878EB}.Debug|Any CPU.Build.0 = Debug|Any CPU
		{430E8B8C-F34B-4CFC-A891-2F82566878EB}.Release|Any CPU.ActiveCfg = Release|Any CPU
		{430E8B8C-F34B-4CFC-A891-2F82566878EB}.Release|Any CPU.Build.0 = Release|Any CPU
		{F7034F2A-2DC5-4363-8506-C6E8C94E8549}.Debug|Any CPU.ActiveCfg = Debug|Any CPU
		{F7034F2A-2DC5-4363-8506-C6E8C94E8549}.Debug|Any CPU.Build.0 = Debug|Any CPU
		{F7034F2A-2DC5-4363-8506-C6E8C94E8549}.Release|Any CPU.ActiveCfg = Release|Any CPU
		{F7034F2A-2DC5-4363-8506-C6E8C94E8549}.Release|Any CPU.Build.0 = Release|Any CPU
		{D82013CF-D84E-4D64-8B76-C09DFD64B30F}.Debug|Any CPU.ActiveCfg = Debug|Any CPU
		{D82013CF-D84E-4D64-8B76-C09DFD64B30F}.Debug|Any CPU.Build.0 = Debug|Any CPU
		{D82013CF-D84E-4D64-8B76-C09DFD64B30F}.Release|Any CPU.ActiveCfg = Release|Any CPU
		{D82013CF-D84E-4D64-8B76-C09DFD64B30F}.Release|Any CPU.Build.0 = Release|Any CPU
		{61F97612-E894-4EE2-A04A-A9DA4ADB3E68}.Debug|Any CPU.ActiveCfg = Debug|Any CPU
		{61F97612-E894-4EE2-A04A-A9DA4ADB3E68}.Debug|Any CPU.Build.0 = Debug|Any CPU
		{61F97612-E894-4EE2-A04A-A9DA4ADB3E68}.Release|Any CPU.ActiveCfg = Release|Any CPU
		{61F97612-E894-4EE2-A04A-A9DA4ADB3E68}.Release|Any CPU.Build.0 = Release|Any CPU
		{80E144A2-DB55-4F96-8FDF-B567822BF2B0}.Debug|Any CPU.ActiveCfg = Debug|Any CPU
		{80E144A2-DB55-4F96-8FDF-B567822BF2B0}.Debug|Any CPU.Build.0 = Debug|Any CPU
		{80E144A2-DB55-4F96-8FDF-B567822BF2B0}.Release|Any CPU.ActiveCfg = Release|Any CPU
		{80E144A2-DB55-4F96-8FDF-B567822BF2B0}.Release|Any CPU.Build.0 = Release|Any CPU
		{FC286166-72CC-4FEA-950F-D56220293CA6}.Debug|Any CPU.ActiveCfg = Debug|Any CPU
		{FC286166-72CC-4FEA-950F-D56220293CA6}.Debug|Any CPU.Build.0 = Debug|Any CPU
		{FC286166-72CC-4FEA-950F-D56220293CA6}.Release|Any CPU.ActiveCfg = Release|Any CPU
		{FC286166-72CC-4FEA-950F-D56220293CA6}.Release|Any CPU.Build.0 = Release|Any CPU
		{94B2A419-5441-4156-8299-B644DF02DAF2}.Debug|Any CPU.ActiveCfg = Debug|Any CPU
		{94B2A419-5441-4156-8299-B644DF02DAF2}.Debug|Any CPU.Build.0 = Debug|Any CPU
		{94B2A419-5441-4156-8299-B644DF02DAF2}.Release|Any CPU.ActiveCfg = Release|Any CPU
		{94B2A419-5441-4156-8299-B644DF02DAF2}.Release|Any CPU.Build.0 = Release|Any CPU
		{D9ECB536-9509-41FE-B0E1-A1BD79794528}.Debug|Any CPU.ActiveCfg = Debug|Any CPU
		{D9ECB536-9509-41FE-B0E1-A1BD79794528}.Debug|Any CPU.Build.0 = Debug|Any CPU
		{D9ECB536-9509-41FE-B0E1-A1BD79794528}.Release|Any CPU.ActiveCfg = Release|Any CPU
		{D9ECB536-9509-41FE-B0E1-A1BD79794528}.Release|Any CPU.Build.0 = Release|Any CPU
		{71BF718E-056C-42E8-836D-B62C098D964B}.Debug|Any CPU.ActiveCfg = Debug|Any CPU
		{71BF718E-056C-42E8-836D-B62C098D964B}.Debug|Any CPU.Build.0 = Debug|Any CPU
		{71BF718E-056C-42E8-836D-B62C098D964B}.Release|Any CPU.ActiveCfg = Release|Any CPU
		{71BF718E-056C-42E8-836D-B62C098D964B}.Release|Any CPU.Build.0 = Release|Any CPU
		{A1F7B8CA-1517-482F-A6FC-61E1F95A54B6}.Debug|Any CPU.ActiveCfg = Debug|Any CPU
		{A1F7B8CA-1517-482F-A6FC-61E1F95A54B6}.Debug|Any CPU.Build.0 = Debug|Any CPU
		{A1F7B8CA-1517-482F-A6FC-61E1F95A54B6}.Release|Any CPU.ActiveCfg = Release|Any CPU
		{A1F7B8CA-1517-482F-A6FC-61E1F95A54B6}.Release|Any CPU.Build.0 = Release|Any CPU
		{DCEDE3E7-6D58-4EF7-9E98-CCBA126226AD}.Debug|Any CPU.ActiveCfg = Debug|Any CPU
		{DCEDE3E7-6D58-4EF7-9E98-CCBA126226AD}.Debug|Any CPU.Build.0 = Debug|Any CPU
		{DCEDE3E7-6D58-4EF7-9E98-CCBA126226AD}.Release|Any CPU.ActiveCfg = Release|Any CPU
		{DCEDE3E7-6D58-4EF7-9E98-CCBA126226AD}.Release|Any CPU.Build.0 = Release|Any CPU
		{4CF1863D-7EDD-4BEC-A9CA-3F8FC59986A2}.Debug|Any CPU.ActiveCfg = Debug|Any CPU
		{4CF1863D-7EDD-4BEC-A9CA-3F8FC59986A2}.Debug|Any CPU.Build.0 = Debug|Any CPU
		{4CF1863D-7EDD-4BEC-A9CA-3F8FC59986A2}.Release|Any CPU.ActiveCfg = Release|Any CPU
		{4CF1863D-7EDD-4BEC-A9CA-3F8FC59986A2}.Release|Any CPU.Build.0 = Release|Any CPU
		{FC5526AE-367B-4B43-B638-5610061EAA0D}.Debug|Any CPU.ActiveCfg = Debug|Any CPU
		{FC5526AE-367B-4B43-B638-5610061EAA0D}.Debug|Any CPU.Build.0 = Debug|Any CPU
		{FC5526AE-367B-4B43-B638-5610061EAA0D}.Release|Any CPU.ActiveCfg = Release|Any CPU
		{FC5526AE-367B-4B43-B638-5610061EAA0D}.Release|Any CPU.Build.0 = Release|Any CPU
		{33A5A0FE-63A8-4517-80F7-4C6DF95849DA}.Debug|Any CPU.ActiveCfg = Debug|Any CPU
		{33A5A0FE-63A8-4517-80F7-4C6DF95849DA}.Debug|Any CPU.Build.0 = Debug|Any CPU
		{33A5A0FE-63A8-4517-80F7-4C6DF95849DA}.Release|Any CPU.ActiveCfg = Release|Any CPU
		{33A5A0FE-63A8-4517-80F7-4C6DF95849DA}.Release|Any CPU.Build.0 = Release|Any CPU
		{8E8CED2E-4E17-4A5A-B13F-AE67B2A83DB4}.Debug|Any CPU.ActiveCfg = Debug|Any CPU
		{8E8CED2E-4E17-4A5A-B13F-AE67B2A83DB4}.Debug|Any CPU.Build.0 = Debug|Any CPU
		{8E8CED2E-4E17-4A5A-B13F-AE67B2A83DB4}.Release|Any CPU.ActiveCfg = Release|Any CPU
		{8E8CED2E-4E17-4A5A-B13F-AE67B2A83DB4}.Release|Any CPU.Build.0 = Release|Any CPU
		{115E468B-2A1D-4574-BB46-C5323D7B9603}.Debug|Any CPU.ActiveCfg = Debug|Any CPU
		{115E468B-2A1D-4574-BB46-C5323D7B9603}.Debug|Any CPU.Build.0 = Debug|Any CPU
		{115E468B-2A1D-4574-BB46-C5323D7B9603}.Release|Any CPU.ActiveCfg = Release|Any CPU
		{115E468B-2A1D-4574-BB46-C5323D7B9603}.Release|Any CPU.Build.0 = Release|Any CPU
		{9784D887-3D3F-4214-BCCB-8168855C9ADA}.Debug|Any CPU.ActiveCfg = Debug|Any CPU
		{9784D887-3D3F-4214-BCCB-8168855C9ADA}.Debug|Any CPU.Build.0 = Debug|Any CPU
		{9784D887-3D3F-4214-BCCB-8168855C9ADA}.Release|Any CPU.ActiveCfg = Release|Any CPU
		{9784D887-3D3F-4214-BCCB-8168855C9ADA}.Release|Any CPU.Build.0 = Release|Any CPU
		{8C371931-12BD-4F44-B3DB-E5A963414454}.Debug|Any CPU.ActiveCfg = Debug|Any CPU
		{8C371931-12BD-4F44-B3DB-E5A963414454}.Debug|Any CPU.Build.0 = Debug|Any CPU
		{8C371931-12BD-4F44-B3DB-E5A963414454}.Release|Any CPU.ActiveCfg = Release|Any CPU
		{8C371931-12BD-4F44-B3DB-E5A963414454}.Release|Any CPU.Build.0 = Release|Any CPU
		{E79CDBD8-07F5-4F18-8B00-B063CF5AA69A}.Debug|Any CPU.ActiveCfg = Debug|Any CPU
		{E79CDBD8-07F5-4F18-8B00-B063CF5AA69A}.Debug|Any CPU.Build.0 = Debug|Any CPU
		{E79CDBD8-07F5-4F18-8B00-B063CF5AA69A}.Release|Any CPU.ActiveCfg = Release|Any CPU
		{E79CDBD8-07F5-4F18-8B00-B063CF5AA69A}.Release|Any CPU.Build.0 = Release|Any CPU
		{CDA367DD-EA71-40E5-82CB-DD654651B496}.Debug|Any CPU.ActiveCfg = Debug|Any CPU
		{CDA367DD-EA71-40E5-82CB-DD654651B496}.Debug|Any CPU.Build.0 = Debug|Any CPU
		{CDA367DD-EA71-40E5-82CB-DD654651B496}.Release|Any CPU.ActiveCfg = Release|Any CPU
		{CDA367DD-EA71-40E5-82CB-DD654651B496}.Release|Any CPU.Build.0 = Release|Any CPU
		{96A0061C-DE55-4B05-9DF3-D5D41806481D}.Debug|Any CPU.ActiveCfg = Debug|Any CPU
		{96A0061C-DE55-4B05-9DF3-D5D41806481D}.Debug|Any CPU.Build.0 = Debug|Any CPU
		{96A0061C-DE55-4B05-9DF3-D5D41806481D}.Release|Any CPU.ActiveCfg = Release|Any CPU
		{96A0061C-DE55-4B05-9DF3-D5D41806481D}.Release|Any CPU.Build.0 = Release|Any CPU
		{7FAAA892-3E3A-4BEA-A4DA-C415C51133A7}.Debug|Any CPU.ActiveCfg = Debug|Any CPU
		{7FAAA892-3E3A-4BEA-A4DA-C415C51133A7}.Debug|Any CPU.Build.0 = Debug|Any CPU
		{7FAAA892-3E3A-4BEA-A4DA-C415C51133A7}.Release|Any CPU.ActiveCfg = Release|Any CPU
		{7FAAA892-3E3A-4BEA-A4DA-C415C51133A7}.Release|Any CPU.Build.0 = Release|Any CPU
		{1248E239-3E95-496D-8F42-DFEB3F0CE309}.Debug|Any CPU.ActiveCfg = Debug|Any CPU
		{1248E239-3E95-496D-8F42-DFEB3F0CE309}.Debug|Any CPU.Build.0 = Debug|Any CPU
		{1248E239-3E95-496D-8F42-DFEB3F0CE309}.Release|Any CPU.ActiveCfg = Release|Any CPU
		{1248E239-3E95-496D-8F42-DFEB3F0CE309}.Release|Any CPU.Build.0 = Release|Any CPU
		{25D69834-7FAE-44A7-B835-06C629273C7C}.Debug|Any CPU.ActiveCfg = Debug|Any CPU
		{25D69834-7FAE-44A7-B835-06C629273C7C}.Debug|Any CPU.Build.0 = Debug|Any CPU
		{25D69834-7FAE-44A7-B835-06C629273C7C}.Release|Any CPU.ActiveCfg = Release|Any CPU
		{25D69834-7FAE-44A7-B835-06C629273C7C}.Release|Any CPU.Build.0 = Release|Any CPU
		{85C13EB0-D5AA-48EC-8C9B-F7C231BD4333}.Debug|Any CPU.ActiveCfg = Debug|Any CPU
		{85C13EB0-D5AA-48EC-8C9B-F7C231BD4333}.Debug|Any CPU.Build.0 = Debug|Any CPU
		{85C13EB0-D5AA-48EC-8C9B-F7C231BD4333}.Release|Any CPU.ActiveCfg = Release|Any CPU
		{85C13EB0-D5AA-48EC-8C9B-F7C231BD4333}.Release|Any CPU.Build.0 = Release|Any CPU
		{15F58383-5D6D-417A-8588-A9822DB7E07F}.Debug|Any CPU.ActiveCfg = Debug|Any CPU
		{15F58383-5D6D-417A-8588-A9822DB7E07F}.Debug|Any CPU.Build.0 = Debug|Any CPU
		{15F58383-5D6D-417A-8588-A9822DB7E07F}.Release|Any CPU.ActiveCfg = Release|Any CPU
		{15F58383-5D6D-417A-8588-A9822DB7E07F}.Release|Any CPU.Build.0 = Release|Any CPU
		{4A500C17-25B5-4AA7-ADE9-67A34E55EED1}.Debug|Any CPU.ActiveCfg = Debug|Any CPU
		{4A500C17-25B5-4AA7-ADE9-67A34E55EED1}.Debug|Any CPU.Build.0 = Debug|Any CPU
		{4A500C17-25B5-4AA7-ADE9-67A34E55EED1}.Release|Any CPU.ActiveCfg = Release|Any CPU
		{4A500C17-25B5-4AA7-ADE9-67A34E55EED1}.Release|Any CPU.Build.0 = Release|Any CPU
		{B19E4E30-B8C3-4E69-B1E2-91B7571CC33C}.Debug|Any CPU.ActiveCfg = Debug|Any CPU
		{B19E4E30-B8C3-4E69-B1E2-91B7571CC33C}.Debug|Any CPU.Build.0 = Debug|Any CPU
		{B19E4E30-B8C3-4E69-B1E2-91B7571CC33C}.Release|Any CPU.ActiveCfg = Release|Any CPU
		{B19E4E30-B8C3-4E69-B1E2-91B7571CC33C}.Release|Any CPU.Build.0 = Release|Any CPU
		{8145EA73-80DA-4654-AB85-D332A24CA585}.Debug|Any CPU.ActiveCfg = Debug|Any CPU
		{8145EA73-80DA-4654-AB85-D332A24CA585}.Debug|Any CPU.Build.0 = Debug|Any CPU
		{8145EA73-80DA-4654-AB85-D332A24CA585}.Release|Any CPU.ActiveCfg = Release|Any CPU
		{8145EA73-80DA-4654-AB85-D332A24CA585}.Release|Any CPU.Build.0 = Release|Any CPU
		{7E02C1AB-8BB7-4B16-ADF9-1FE36863E201}.Debug|Any CPU.ActiveCfg = Debug|Any CPU
		{7E02C1AB-8BB7-4B16-ADF9-1FE36863E201}.Debug|Any CPU.Build.0 = Debug|Any CPU
		{7E02C1AB-8BB7-4B16-ADF9-1FE36863E201}.Release|Any CPU.ActiveCfg = Release|Any CPU
		{7E02C1AB-8BB7-4B16-ADF9-1FE36863E201}.Release|Any CPU.Build.0 = Release|Any CPU
		{558545D2-A63C-4D2E-9EA5-5C41821A0456}.Debug|Any CPU.ActiveCfg = Debug|Any CPU
		{558545D2-A63C-4D2E-9EA5-5C41821A0456}.Debug|Any CPU.Build.0 = Debug|Any CPU
		{558545D2-A63C-4D2E-9EA5-5C41821A0456}.Release|Any CPU.ActiveCfg = Release|Any CPU
		{558545D2-A63C-4D2E-9EA5-5C41821A0456}.Release|Any CPU.Build.0 = Release|Any CPU
		{F421B283-C672-41E8-8E9D-9967475C852C}.Debug|Any CPU.ActiveCfg = Debug|Any CPU
		{F421B283-C672-41E8-8E9D-9967475C852C}.Debug|Any CPU.Build.0 = Debug|Any CPU
		{F421B283-C672-41E8-8E9D-9967475C852C}.Release|Any CPU.ActiveCfg = Release|Any CPU
		{F421B283-C672-41E8-8E9D-9967475C852C}.Release|Any CPU.Build.0 = Release|Any CPU
		{789A3D51-5ED8-4916-925E-667C671B4D48}.Debug|Any CPU.ActiveCfg = Debug|Any CPU
		{789A3D51-5ED8-4916-925E-667C671B4D48}.Debug|Any CPU.Build.0 = Debug|Any CPU
		{789A3D51-5ED8-4916-925E-667C671B4D48}.Release|Any CPU.ActiveCfg = Release|Any CPU
		{789A3D51-5ED8-4916-925E-667C671B4D48}.Release|Any CPU.Build.0 = Release|Any CPU
		{7CB9E0CF-34FE-4FFF-B8FF-52C5DE05D3FE}.Debug|Any CPU.ActiveCfg = Debug|Any CPU
		{7CB9E0CF-34FE-4FFF-B8FF-52C5DE05D3FE}.Debug|Any CPU.Build.0 = Debug|Any CPU
		{7CB9E0CF-34FE-4FFF-B8FF-52C5DE05D3FE}.Release|Any CPU.ActiveCfg = Release|Any CPU
		{7CB9E0CF-34FE-4FFF-B8FF-52C5DE05D3FE}.Release|Any CPU.Build.0 = Release|Any CPU
		{F929D743-5C87-4EE1-A569-4B095545E46B}.Debug|Any CPU.ActiveCfg = Debug|Any CPU
		{F929D743-5C87-4EE1-A569-4B095545E46B}.Debug|Any CPU.Build.0 = Debug|Any CPU
		{F929D743-5C87-4EE1-A569-4B095545E46B}.Release|Any CPU.ActiveCfg = Release|Any CPU
		{F929D743-5C87-4EE1-A569-4B095545E46B}.Release|Any CPU.Build.0 = Release|Any CPU
		{3AC22128-F5FB-4D51-8B37-A2002201AE60}.Debug|Any CPU.ActiveCfg = Debug|Any CPU
		{3AC22128-F5FB-4D51-8B37-A2002201AE60}.Debug|Any CPU.Build.0 = Debug|Any CPU
		{3AC22128-F5FB-4D51-8B37-A2002201AE60}.Release|Any CPU.ActiveCfg = Release|Any CPU
		{3AC22128-F5FB-4D51-8B37-A2002201AE60}.Release|Any CPU.Build.0 = Release|Any CPU
		{5FC2D3A3-3E5D-4149-BBFA-CBA29A15A7F1}.Debug|Any CPU.ActiveCfg = Debug|Any CPU
		{5FC2D3A3-3E5D-4149-BBFA-CBA29A15A7F1}.Debug|Any CPU.Build.0 = Debug|Any CPU
		{5FC2D3A3-3E5D-4149-BBFA-CBA29A15A7F1}.Release|Any CPU.ActiveCfg = Release|Any CPU
		{5FC2D3A3-3E5D-4149-BBFA-CBA29A15A7F1}.Release|Any CPU.Build.0 = Release|Any CPU
		{2A4E4CE8-8983-45A8-840D-E9AD9EDFCB30}.Debug|Any CPU.ActiveCfg = Debug|Any CPU
		{2A4E4CE8-8983-45A8-840D-E9AD9EDFCB30}.Debug|Any CPU.Build.0 = Debug|Any CPU
		{2A4E4CE8-8983-45A8-840D-E9AD9EDFCB30}.Release|Any CPU.ActiveCfg = Release|Any CPU
		{2A4E4CE8-8983-45A8-840D-E9AD9EDFCB30}.Release|Any CPU.Build.0 = Release|Any CPU
		{C47AD711-4709-4443-B07F-EB8A87A734A1}.Debug|Any CPU.ActiveCfg = Debug|Any CPU
		{C47AD711-4709-4443-B07F-EB8A87A734A1}.Debug|Any CPU.Build.0 = Debug|Any CPU
		{C47AD711-4709-4443-B07F-EB8A87A734A1}.Release|Any CPU.ActiveCfg = Release|Any CPU
		{C47AD711-4709-4443-B07F-EB8A87A734A1}.Release|Any CPU.Build.0 = Release|Any CPU
		{FFCE291B-87E0-468C-B0A9-7C02162B3DEE}.Debug|Any CPU.ActiveCfg = Debug|Any CPU
		{FFCE291B-87E0-468C-B0A9-7C02162B3DEE}.Debug|Any CPU.Build.0 = Debug|Any CPU
		{FFCE291B-87E0-468C-B0A9-7C02162B3DEE}.Release|Any CPU.ActiveCfg = Release|Any CPU
		{FFCE291B-87E0-468C-B0A9-7C02162B3DEE}.Release|Any CPU.Build.0 = Release|Any CPU
	EndGlobalSection
	GlobalSection(SolutionProperties) = preSolution
		HideSolutionNode = FALSE
	EndGlobalSection
	GlobalSection(ExtensibilityGlobals) = postSolution
		SolutionGuid = {2766E170-CC09-41F6-BA12-C5D046AFDA2D}
	EndGlobalSection
EndGlobal
