
Microsoft Visual Studio Solution File, Format Version 12.00
# Visual Studio Version 17
VisualStudioVersion = 17.11.35222.181
MinimumVisualStudioVersion = 10.0.40219.1
Project("{9A19103F-16F7-4668-BE54-9A1E7A4F7556}") = "Laba1", "Construction\Laba1.csproj", "{430E8B8C-F34B-4CFC-A891-2F82566878EB}"
EndProject
Project("{9A19103F-16F7-4668-BE54-9A1E7A4F7556}") = "Laba2", "Laba2\Laba2.csproj", "{F7034F2A-2DC5-4363-8506-C6E8C94E8549}"
EndProject
Project("{9A19103F-16F7-4668-BE54-9A1E7A4F7556}") = "Laba3", "Laba3\Laba3.csproj", "{D82013CF-D84E-4D64-8B76-C09DFD64B30F}"
EndProject
Project("{FAE04EC0-301F-11D3-BF4B-00C04F79EFBC}") = "Console1", "Console1\Console1.csproj", "{61F97612-E894-4EE2-A04A-A9DA4ADB3E68}"
EndProject
Project("{FAE04EC0-301F-11D3-BF4B-00C04F79EFBC}") = "Console2", "Console2\Console2.csproj", "{80E144A2-DB55-4F96-8FDF-B567822BF2B0}"
EndProject
Global
	GlobalSection(SolutionConfigurationPlatforms) = preSolution
		Debug|Any CPU = Debug|Any CPU
		Release|Any CPU = Release|Any CPU
	EndGlobalSection
	GlobalSection(ProjectConfigurationPlatforms) = postSolution
		{430E8B8C-F34B-4CFC-A891-2F82566878EB}.Debug|Any CPU.ActiveCfg = Debug|Any CPU
		{430E8B8C-F34B-4CFC-A891-2F82566878EB}.Debug|Any CPU.Build.0 = Debug|Any CPU
		{430E8B8C-F34B-4CFC-A891-2F82566878EB}.Release|Any CPU.ActiveCfg = Release|Any CPU
		{430E8B8C-F34B-4CFC-A891-2F82566878EB}.Release|Any CPU.Build.0 = Release|Any CPU
		{F7034F2A-2DC5-4363-8506-C6E8C94E8549}.Debug|Any CPU.ActiveCfg = Debug|Any CPU
		{F7034F2A-2DC5-4363-8506-C6E8C94E8549}.Debug|Any CPU.Build.0 = Debug|Any CPU
		{F7034F2A-2DC5-4363-8506-C6E8C94E8549}.Release|Any CPU.ActiveCfg = Release|Any CPU
		{F7034F2A-2DC5-4363-8506-C6E8C94E8549}.Release|Any CPU.Build.0 = Release|Any CPU
		{D82013CF-D84E-4D64-8B76-C09DFD64B30F}.Debug|Any CPU.ActiveCfg = Debug|Any CPU
		{D82013CF-D84E-4D64-8B76-C09DFD64B30F}.Debug|Any CPU.Build.0 = Debug|Any CPU
		{D82013CF-D84E-4D64-8B76-C09DFD64B30F}.Release|Any CPU.ActiveCfg = Release|Any CPU
		{D82013CF-D84E-4D64-8B76-C09DFD64B30F}.Release|Any CPU.Build.0 = Release|Any CPU
		{61F97612-E894-4EE2-A04A-A9DA4ADB3E68}.Debug|Any CPU.ActiveCfg = Debug|Any CPU
		{61F97612-E894-4EE2-A04A-A9DA4ADB3E68}.Debug|Any CPU.Build.0 = Debug|Any CPU
		{61F97612-E894-4EE2-A04A-A9DA4ADB3E68}.Release|Any CPU.ActiveCfg = Release|Any CPU
		{61F97612-E894-4EE2-A04A-A9DA4ADB3E68}.Release|Any CPU.Build.0 = Release|Any CPU
		{80E144A2-DB55-4F96-8FDF-B567822BF2B0}.Debug|Any CPU.ActiveCfg = Debug|Any CPU
		{80E144A2-DB55-4F96-8FDF-B567822BF2B0}.Debug|Any CPU.Build.0 = Debug|Any CPU
		{80E144A2-DB55-4F96-8FDF-B567822BF2B0}.Release|Any CPU.ActiveCfg = Release|Any CPU
		{80E144A2-DB55-4F96-8FDF-B567822BF2B0}.Release|Any CPU.Build.0 = Release|Any CPU
	EndGlobalSection
	GlobalSection(SolutionProperties) = preSolution
		HideSolutionNode = FALSE
	EndGlobalSection
	GlobalSection(ExtensibilityGlobals) = postSolution
		SolutionGuid = {2766E170-CC09-41F6-BA12-C5D046AFDA2D}
	EndGlobalSection
EndGlobal
