
Microsoft Visual Studio Solution File, Format Version 12.00
# Visual Studio Version 17
VisualStudioVersion = 17.13.35931.197 d17.13
MinimumVisualStudioVersion = 10.0.40219.1
Project("{FAE04EC0-301F-11D3-BF4B-00C04F79EFBC}") = "laba31", "laba31\laba31.csproj", "{CDF554A7-29BE-4579-91BA-B816646C6FA1}"
EndProject
Global
	GlobalSection(SolutionConfigurationPlatforms) = preSolution
		Debug|Any CPU = Debug|Any CPU
		Release|Any CPU = Release|Any CPU
	EndGlobalSection
	GlobalSection(ProjectConfigurationPlatforms) = postSolution
		{CDF554A7-29BE-4579-91BA-B816646C6FA1}.Debug|Any CPU.ActiveCfg = Debug|Any CPU
		{CDF554A7-29BE-4579-91BA-B816646C6FA1}.Debug|Any CPU.Build.0 = Debug|Any CPU
		{CDF554A7-29BE-4579-91BA-B816646C6FA1}.Release|Any CPU.ActiveCfg = Release|Any CPU
		{CDF554A7-29BE-4579-91BA-B816646C6FA1}.Release|Any CPU.Build.0 = Release|Any CPU
	EndGlobalSection
	GlobalSection(SolutionProperties) = preSolution
		HideSolutionNode = FALSE
	EndGlobalSection
	GlobalSection(ExtensibilityGlobals) = postSolution
		SolutionGuid = {909AC887-8EFC-403B-AC64-CE347D2424DD}
	EndGlobalSection
EndGlobal
